
Microsoft Visual Studio Solution File, Format Version 12.00
# Visual Studio Version 16
VisualStudioVersion = 16.0.30320.27
MinimumVisualStudioVersion = 10.0.40219.1
Project("{FAE04EC0-301F-11D3-BF4B-00C04F79EFBC}") = "closeport", "closeport.csproj", "{AAB457B2-883E-4A72-A744-BA79EC61F1E2}"
EndProject
Global
	GlobalSection(SolutionConfigurationPlatforms) = preSolution
		Debug|Any CPU = Debug|Any CPU
		Release|Any CPU = Release|Any CPU
	EndGlobalSection
	GlobalSection(ProjectConfigurationPlatforms) = postSolution
		{AAB457B2-883E-4A72-A744-BA79EC61F1E2}.Debug|Any CPU.ActiveCfg = Debug|Any CPU
		{AAB457B2-883E-4A72-A744-BA79EC61F1E2}.Debug|Any CPU.Build.0 = Debug|Any CPU
		{AAB457B2-883E-4A72-A744-BA79EC61F1E2}.Release|Any CPU.ActiveCfg = Release|Any CPU
		{AAB457B2-883E-4A72-A744-BA79EC61F1E2}.Release|Any CPU.Build.0 = Release|Any CPU
	EndGlobalSection
	GlobalSection(SolutionProperties) = preSolution
		HideSolutionNode = FALSE
	EndGlobalSection
	GlobalSection(ExtensibilityGlobals) = postSolution
		SolutionGuid = {F0B7CB5F-E272-4AF5-8181-9C80AEE08B59}
	EndGlobalSection
EndGlobal
